route_id: verification-block
push_class: verification_block_unblock
event_type: verification_blocked
taxonomy_source: "Section 97.3 taxonomy: verification blocked and unblocked"
spec_reference: "92.11"
recipient: "the product's Primary Owner and QA"
destination_channel: designated-messaging-channel
carries_clock: true
coalesce_into_morning_digest: false
